{
  "requires": true,
  "lockfileVersion": 1,
  "dependencies": {
    "event-loop-delay": {
      "version": "1.0.1",
      "resolved": "https://registry.npmjs.org/event-loop-delay/-/event-loop-delay-1.0.1.tgz",
      "integrity": "sha512-O7nq//Wqk2gY8IWqrQHJtlzT/Hbsn0alxX09J0RZ5Bljsfvd+xRtGGnurh+BFatzkNkGi5Ddd/vsA0v2K79g0A==",
      "requires": {
        "napi-macros": "^2.0.0",
        "node-gyp-build": "^4.2.0"
      }
    },
    "napi-macros": {
      "version": "2.0.0",
      "resolved": "https://registry.npmjs.org/napi-macros/-/napi-macros-2.0.0.tgz",
      "integrity": "sha512-A0xLykHtARfueITVDernsAWdtIMbOJgKgcluwENp3AlsKN/PloyO10HtmoqnFAQAcxPkgZN7wdfPfEd0zNGxbg=="
    },
    "node-gyp-build": {
      "version": "4.3.0",
      "resolved": "https://registry.npmjs.org/node-gyp-build/-/node-gyp-build-4.3.0.tgz",
      "integrity": "sha512-iWjXZvmboq0ja1pUGULQBexmxq8CV4xBhX7VDOTbL7ZR4FOowwY/VOtRxBN/yKxmdGoIp4j5ysNT4u3S2pDQ3Q=="
    },
    "prettier-bytes": {
      "version": "1.0.4",
      "resolved": "https://registry.npmjs.org/prettier-bytes/-/prettier-bytes-1.0.4.tgz",
      "integrity": "sha1-mUsCqkb2mcULYle1+qp/4lV+YtY="
    },
    "process-top": {
      "version": "1.2.0",
      "resolved": "https://registry.npmjs.org/process-top/-/process-top-1.2.0.tgz",
      "integrity": "sha512-R0WlpJe+os9deHxqua2S62gp7/IuWNG4T7buG0/VKwFg9/Zk5eicaI1IlwkBL3s+NXHBqdaKw/HgeG+kGL4bLw==",
      "requires": {
        "event-loop-delay": "^1.0.0",
        "prettier-bytes": "^1.0.4"
      }
    }
  }
}
